// !$*UTF8*$!
{
	archiveVersion = 1;
	classes = {
	};
	objectVersion = 50;
	objects = {

/* Begin PBXBuildFile section */
		723219762748E9F5003FD9B5 /* Network.swift in Sources */ = {isa = PBXBuildFile; fileRef = 723219752748E9F5003FD9B5 /* Network.swift */; };
		7232197B2748EAF8003FD9B5 /* Requestable.swift in Sources */ = {isa = PBXBuildFile; fileRef = 7232197A2748EAF8003FD9B5 /* Requestable.swift */; };
		723219812748EB89003FD9B5 /* ImageModel.swift in Sources */ = {isa = PBXBuildFile; fileRef = 723219802748EB89003FD9B5 /* ImageModel.swift */; };
		723219872748EBDA003FD9B5 /* AppConstant.swift in Sources */ = {isa = PBXBuildFile; fileRef = 723219862748EBDA003FD9B5 /* AppConstant.swift */; };
		723219922748ECDB003FD9B5 /* ImagesRequest.swift in Sources */ = {isa = PBXBuildFile; fileRef = 723219912748ECDB003FD9B5 /* ImagesRequest.swift */; };
		72321AB327491929003FD9B5 /* ImageViewModel.swift in Sources */ = {isa = PBXBuildFile; fileRef = 72321AB227491929003FD9B5 /* ImageViewModel.swift */; };
		72F350102748DDF50094D3FB /* AppDelegate.swift in Sources */ = {isa = PBXBuildFile; fileRef = 72F3500F2748DDF50094D3FB /* AppDelegate.swift */; };
		72F350122748DDF50094D3FB /* SceneDelegate.swift in Sources */ = {isa = PBXBuildFile; fileRef = 72F350112748DDF50094D3FB /* SceneDelegate.swift */; };
		72F350142748DDF50094D3FB /* PhotosViewController.swift in Sources */ = {isa = PBXBuildFile; fileRef = 72F350132748DDF50094D3FB /* PhotosViewController.swift */; };
		72F350172748DDF50094D3FB /* Main.storyboard in Resources */ = {isa = PBXBuildFile; fileRef = 72F350152748DDF50094D3FB /* Main.storyboard */; };
		72F350192748DDF70094D3FB /* Assets.xcassets in Resources */ = {isa = PBXBuildFile; fileRef = 72F350182748DDF70094D3FB /* Assets.xcassets */; };
		72F3501C2748DDF70094D3FB /* LaunchScreen.storyboard in Resources */ = {isa = PBXBuildFile; fileRef = 72F3501A2748DDF70094D3FB /* LaunchScreen.storyboard */; };
		72F350272748DDF70094D3FB /* KiliaroTests.swift in Sources */ = {isa = PBXBuildFile; fileRef = 72F350262748DDF70094D3FB /* KiliaroTests.swift */; };
		72F350322748DDF70094D3FB /* KiliaroUITests.swift in Sources */ = {isa = PBXBuildFile; fileRef = 72F350312748DDF70094D3FB /* KiliaroUITests.swift */; };
		72F350442748DF480094D3FB /* ImageCell.swift in Sources */ = {isa = PBXBuildFile; fileRef = 72F350432748DF480094D3FB /* ImageCell.swift */; };
/* End PBXBuildFile section */

/* Begin PBXContainerItemProxy section */
		72F350232748DDF70094D3FB /* PBXContainerItemProxy */ = {
			isa = PBXContainerItemProxy;
			containerPortal = 72F350042748DDF40094D3FB /* Project object */;
			proxyType = 1;
			remoteGlobalIDString = 72F3500B2748DDF50094D3FB;
			remoteInfo = Kiliaro;
		};
		72F3502E2748DDF70094D3FB /* PBXContainerItemProxy */ = {
			isa = PBXContainerItemProxy;
			containerPortal = 72F350042748DDF40094D3FB /* Project object */;
			proxyType = 1;
			remoteGlobalIDString = 72F3500B2748DDF50094D3FB;
			remoteInfo = Kiliaro;
		};
/* End PBXContainerItemProxy section */

/* Begin PBXFileReference section */
		723219752748E9F5003FD9B5 /* Network.swift */ = {isa = PBXFileReference; lastKnownFileType = sourcecode.swift; path = Network.swift; sourceTree = "<group>"; };
		7232197A2748EAF8003FD9B5 /* Requestable.swift */ = {isa = PBXFileReference; lastKnownFileType = sourcecode.swift; path = Requestable.swift; sourceTree = "<group>"; };
		723219802748EB89003FD9B5 /* ImageModel.swift */ = {isa = PBXFileReference; lastKnownFileType = sourcecode.swift; path = ImageModel.swift; sourceTree = "<group>"; };
		723219862748EBDA003FD9B5 /* AppConstant.swift */ = {isa = PBXFileReference; lastKnownFileType = sourcecode.swift; path = AppConstant.swift; sourceTree = "<group>"; };
		723219912748ECDB003FD9B5 /* ImagesRequest.swift */ = {isa = PBXFileReference; lastKnownFileType = sourcecode.swift; path = ImagesRequest.swift; sourceTree = "<group>"; };
		72321AB227491929003FD9B5 /* ImageViewModel.swift */ = {isa = PBXFileReference; lastKnownFileType = sourcecode.swift; path = ImageViewModel.swift; sourceTree = "<group>"; };
		72F3500C2748DDF50094D3FB /* Kiliaro.app */ = {isa = PBXFileReference; explicitFileType = wrapper.application; includeInIndex = 0; path = Kiliaro.app; sourceTree = BUILT_PRODUCTS_DIR; };
		72F3500F2748DDF50094D3FB /* AppDelegate.swift */ = {isa = PBXFileReference; lastKnownFileType = sourcecode.swift; path = AppDelegate.swift; sourceTree = "<group>"; };
		72F350112748DDF50094D3FB /* SceneDelegate.swift */ = {isa = PBXFileReference; lastKnownFileType = sourcecode.swift; path = SceneDelegate.swift; sourceTree = "<group>"; };
		72F350132748DDF50094D3FB /* PhotosViewController.swift */ = {isa = PBXFileReference; lastKnownFileType = sourcecode.swift; path = PhotosViewController.swift; sourceTree = "<group>"; };
		72F350162748DDF50094D3FB /* Base */ = {isa = PBXFileReference; lastKnownFileType = file.storyboard; name = Base; path = Base.lproj/Main.storyboard; sourceTree = "<group>"; };
		72F350182748DDF70094D3FB /* Assets.xcassets */ = {isa = PBXFileReference; lastKnownFileType = folder.assetcatalog; path = Assets.xcassets; sourceTree = "<group>"; };
		72F3501B2748DDF70094D3FB /* Base */ = {isa = PBXFileReference; lastKnownFileType = file.storyboard; name = Base; path = Base.lproj/LaunchScreen.storyboard; sourceTree = "<group>"; };
		72F3501D2748DDF70094D3FB /* Info.plist */ = {isa = PBXFileReference; lastKnownFileType = text.plist.xml; path = Info.plist; sourceTree = "<group>"; };
		72F350222748DDF70094D3FB /* KiliaroTests.xctest */ = {isa = PBXFileReference; explicitFileType = wrapper.cfbundle; includeInIndex = 0; path = KiliaroTests.xctest; sourceTree = BUILT_PRODUCTS_DIR; };
		72F350262748DDF70094D3FB /* KiliaroTests.swift */ = {isa = PBXFileReference; lastKnownFileType = sourcecode.swift; path = KiliaroTests.swift; sourceTree = "<group>"; };
		72F350282748DDF70094D3FB /* Info.plist */ = {isa = PBXFileReference; lastKnownFileType = text.plist.xml; path = Info.plist; sourceTree = "<group>"; };
		72F3502D2748DDF70094D3FB /* KiliaroUITests.xctest */ = {isa = PBXFileReference; explicitFileType = wrapper.cfbundle; includeInIndex = 0; path = KiliaroUITests.xctest; sourceTree = BUILT_PRODUCTS_DIR; };
		72F350312748DDF70094D3FB /* KiliaroUITests.swift */ = {isa = PBXFileReference; lastKnownFileType = sourcecode.swift; path = KiliaroUITests.swift; sourceTree = "<group>"; };
		72F350332748DDF70094D3FB /* Info.plist */ = {isa = PBXFileReference; lastKnownFileType = text.plist.xml; path = Info.plist; sourceTree = "<group>"; };
		72F350432748DF480094D3FB /* ImageCell.swift */ = {isa = PBXFileReference; lastKnownFileType = sourcecode.swift; path = ImageCell.swift; sourceTree = "<group>"; };
/* End PBXFileReference section */

/* Begin PBXFrameworksBuildPhase section */
		72F350092748DDF50094D3FB /* Frameworks */ = {
			isa = PBXFrameworksBuildPhase;
			buildActionMask = 2147483647;
			files = (
			);
			runOnlyForDeploymentPostprocessing = 0;
		};
		72F3501F2748DDF70094D3FB /* Frameworks */ = {
			isa = PBXFrameworksBuildPhase;
			buildActionMask = 2147483647;
			files = (
			);
			runOnlyForDeploymentPostprocessing = 0;
		};
		72F3502A2748DDF70094D3FB /* Frameworks */ = {
			isa = PBXFrameworksBuildPhase;
			buildActionMask = 2147483647;
			files = (
			);
			runOnlyForDeploymentPostprocessing = 0;
		};
/* End PBXFrameworksBuildPhase section */

/* Begin PBXGroup section */
		723219742748E755003FD9B5 /* Networking */ = {
			isa = PBXGroup;
			children = (
				723219912748ECDB003FD9B5 /* ImagesRequest.swift */,
				723219752748E9F5003FD9B5 /* Network.swift */,
				7232197A2748EAF8003FD9B5 /* Requestable.swift */,
			);
			path = Networking;
			sourceTree = "<group>";
		};
		7232197F2748EB68003FD9B5 /* Models */ = {
			isa = PBXGroup;
			children = (
				723219802748EB89003FD9B5 /* ImageModel.swift */,
			);
			path = Models;
			sourceTree = "<group>";
		};
		723219852748EBCF003FD9B5 /* Utils */ = {
			isa = PBXGroup;
			children = (
				723219862748EBDA003FD9B5 /* AppConstant.swift */,
			);
			path = Utils;
			sourceTree = "<group>";
		};
		72321AB0274918EE003FD9B5 /* ViewControllers */ = {
			isa = PBXGroup;
			children = (
				72F350132748DDF50094D3FB /* PhotosViewController.swift */,
			);
			path = ViewControllers;
			sourceTree = "<group>";
		};
		72321AB127491914003FD9B5 /* ViewModels */ = {
			isa = PBXGroup;
			children = (
				72321AB227491929003FD9B5 /* ImageViewModel.swift */,
			);
			path = ViewModels;
			sourceTree = "<group>";
		};
		72F350032748DDF40094D3FB = {
			isa = PBXGroup;
			children = (
				72F3500E2748DDF50094D3FB /* Kiliaro */,
				72F350252748DDF70094D3FB /* KiliaroTests */,
				72F350302748DDF70094D3FB /* KiliaroUITests */,
				72F3500D2748DDF50094D3FB /* Products */,
			);
			sourceTree = "<group>";
		};
		72F3500D2748DDF50094D3FB /* Products */ = {
			isa = PBXGroup;
			children = (
				72F3500C2748DDF50094D3FB /* Kiliaro.app */,
				72F350222748DDF70094D3FB /* KiliaroTests.xctest */,
				72F3502D2748DDF70094D3FB /* KiliaroUITests.xctest */,
			);
			name = Products;
			sourceTree = "<group>";
		};
		72F3500E2748DDF50094D3FB /* Kiliaro */ = {
			isa = PBXGroup;
			children = (
				723219852748EBCF003FD9B5 /* Utils */,
				7232197F2748EB68003FD9B5 /* Models */,
				723219742748E755003FD9B5 /* Networking */,
				72F350422748DF300094D3FB /* Views */,
				72321AB127491914003FD9B5 /* ViewModels */,
				72321AB0274918EE003FD9B5 /* ViewControllers */,
				72F3500F2748DDF50094D3FB /* AppDelegate.swift */,
				72F350112748DDF50094D3FB /* SceneDelegate.swift */,
				72F350152748DDF50094D3FB /* Main.storyboard */,
				72F350182748DDF70094D3FB /* Assets.xcassets */,
				72F3501A2748DDF70094D3FB /* LaunchScreen.storyboard */,
				72F3501D2748DDF70094D3FB /* Info.plist */,
			);
			path = Kiliaro;
			sourceTree = "<group>";
		};
		72F350252748DDF70094D3FB /* KiliaroTests */ = {
			isa = PBXGroup;
			children = (
				72F350262748DDF70094D3FB /* KiliaroTests.swift */,
				72F350282748DDF70094D3FB /* Info.plist */,
			);
			path = KiliaroTests;
			sourceTree = "<group>";
		};
		72F350302748DDF70094D3FB /* KiliaroUITests */ = {
			isa = PBXGroup;
			children = (
				72F350312748DDF70094D3FB /* KiliaroUITests.swift */,
				72F350332748DDF70094D3FB /* Info.plist */,
			);
			path = KiliaroUITests;
			sourceTree = "<group>";
		};
		72F350422748DF300094D3FB /* Views */ = {
			isa = PBXGroup;
			children = (
				72F350432748DF480094D3FB /* ImageCell.swift */,
			);
			path = Views;
			sourceTree = "<group>";
		};
/* End PBXGroup section */

/* Begin PBXNativeTarget section */
		72F3500B2748DDF50094D3FB /* Kiliaro */ = {
			isa = PBXNativeTarget;
			buildConfigurationList = 72F350362748DDF70094D3FB /* Build configuration list for PBXNativeTarget "Kiliaro" */;
			buildPhases = (
				72F350082748DDF50094D3FB /* Sources */,
				72F350092748DDF50094D3FB /* Frameworks */,
				72F3500A2748DDF50094D3FB /* Resources */,
			);
			buildRules = (
			);
			dependencies = (
			);
			name = Kiliaro;
			productName = Kiliaro;
			productReference = 72F3500C2748DDF50094D3FB /* Kiliaro.app */;
			productType = "com.apple.product-type.application";
		};
		72F350212748DDF70094D3FB /* KiliaroTests */ = {
			isa = PBXNativeTarget;
			buildConfigurationList = 72F350392748DDF70094D3FB /* Build configuration list for PBXNativeTarget "KiliaroTests" */;
			buildPhases = (
				72F3501E2748DDF70094D3FB /* Sources */,
				72F3501F2748DDF70094D3FB /* Frameworks */,
				72F350202748DDF70094D3FB /* Resources */,
			);
			buildRules = (
			);
			dependencies = (
				72F350242748DDF70094D3FB /* PBXTargetDependency */,
			);
			name = KiliaroTests;
			productName = KiliaroTests;
			productReference = 72F350222748DDF70094D3FB /* KiliaroTests.xctest */;
			productType = "com.apple.product-type.bundle.unit-test";
		};
		72F3502C2748DDF70094D3FB /* KiliaroUITests */ = {
			isa = PBXNativeTarget;
			buildConfigurationList = 72F3503C2748DDF70094D3FB /* Build configuration list for PBXNativeTarget "KiliaroUITests" */;
			buildPhases = (
				72F350292748DDF70094D3FB /* Sources */,
				72F3502A2748DDF70094D3FB /* Frameworks */,
				72F3502B2748DDF70094D3FB /* Resources */,
			);
			buildRules = (
			);
			dependencies = (
				72F3502F2748DDF70094D3FB /* PBXTargetDependency */,
			);
			name = KiliaroUITests;
			productName = KiliaroUITests;
			productReference = 72F3502D2748DDF70094D3FB /* KiliaroUITests.xctest */;
			productType = "com.apple.product-type.bundle.ui-testing";
		};
/* End PBXNativeTarget section */

/* Begin PBXProject section */
		72F350042748DDF40094D3FB /* Project object */ = {
			isa = PBXProject;
			attributes = {
				LastSwiftUpdateCheck = 1230;
				LastUpgradeCheck = 1230;
				TargetAttributes = {
					72F3500B2748DDF50094D3FB = {
						CreatedOnToolsVersion = 12.3;
					};
					72F350212748DDF70094D3FB = {
						CreatedOnToolsVersion = 12.3;
						TestTargetID = 72F3500B2748DDF50094D3FB;
					};
					72F3502C2748DDF70094D3FB = {
						CreatedOnToolsVersion = 12.3;
						TestTargetID = 72F3500B2748DDF50094D3FB;
					};
				};
			};
			buildConfigurationList = 72F350072748DDF50094D3FB /* Build configuration list for PBXProject "Kiliaro" */;
			compatibilityVersion = "Xcode 9.3";
			developmentRegion = en;
			hasScannedForEncodings = 0;
			knownRegions = (
				en,
				Base,
			);
			mainGroup = 72F350032748DDF40094D3FB;
			productRefGroup = 72F3500D2748DDF50094D3FB /* Products */;
			projectDirPath = "";
			projectRoot = "";
			targets = (
				72F3500B2748DDF50094D3FB /* Kiliaro */,
				72F350212748DDF70094D3FB /* KiliaroTests */,
				72F3502C2748DDF70094D3FB /* KiliaroUITests */,
			);
		};
/* End PBXProject section */

/* Begin PBXResourcesBuildPhase section */
		72F3500A2748DDF50094D3FB /* Resources */ = {
			isa = PBXResourcesBuildPhase;
			buildActionMask = 2147483647;
			files = (
				72F3501C2748DDF70094D3FB /* LaunchScreen.storyboard in Resources */,
				72F350192748DDF70094D3FB /* Assets.xcassets in Resources */,
				72F350172748DDF50094D3FB /* Main.storyboard in Resources */,
			);
			runOnlyForDeploymentPostprocessing = 0;
		};
		72F350202748DDF70094D3FB /* Resources */ = {
			isa = PBXResourcesBuildPhase;
			buildActionMask = 2147483647;
			files = (
			);
			runOnlyForDeploymentPostprocessing = 0;
		};
		72F3502B2748DDF70094D3FB /* Resources */ = {
			isa = PBXResourcesBuildPhase;
			buildActionMask = 2147483647;
			files = (
			);
			runOnlyForDeploymentPostprocessing = 0;
		};
/* End PBXResourcesBuildPhase section */

/* Begin PBXSourcesBuildPhase section */
		72F350082748DDF50094D3FB /* Sources */ = {
			isa = PBXSourcesBuildPhase;
			buildActionMask = 2147483647;
			files = (
				723219762748E9F5003FD9B5 /* Network.swift in Sources */,
				72F350142748DDF50094D3FB /* PhotosViewController.swift in Sources */,
				72F350442748DF480094D3FB /* ImageCell.swift in Sources */,
				7232197B2748EAF8003FD9B5 /* Requestable.swift in Sources */,
				72F350102748DDF50094D3FB /* AppDelegate.swift in Sources */,
				723219872748EBDA003FD9B5 /* AppConstant.swift in Sources */,
				72321AB327491929003FD9B5 /* ImageViewModel.swift in Sources */,
				72F350122748DDF50094D3FB /* SceneDelegate.swift in Sources */,
				723219922748ECDB003FD9B5 /* ImagesRequest.swift in Sources */,
				723219812748EB89003FD9B5 /* ImageModel.swift in Sources */,
			);
			runOnlyForDeploymentPostprocessing = 0;
		};
		72F3501E2748DDF70094D3FB /* Sources */ = {
			isa = PBXSourcesBuildPhase;
			buildActionMask = 2147483647;
			files = (
				72F350272748DDF70094D3FB /* KiliaroTests.swift in Sources */,
			);
			runOnlyForDeploymentPostprocessing = 0;
		};
		72F350292748DDF70094D3FB /* Sources */ = {
			isa = PBXSourcesBuildPhase;
			buildActionMask = 2147483647;
			files = (
				72F350322748DDF70094D3FB /* KiliaroUITests.swift in Sources */,
			);
			runOnlyForDeploymentPostprocessing = 0;
		};
/* End PBXSourcesBuildPhase section */

/* Begin PBXTargetDependency section */
		72F350242748DDF70094D3FB /* PBXTargetDependency */ = {
			isa = PBXTargetDependency;
			target = 72F3500B2748DDF50094D3FB /* Kiliaro */;
			targetProxy = 72F350232748DDF70094D3FB /* PBXContainerItemProxy */;
		};
		72F3502F2748DDF70094D3FB /* PBXTargetDependency */ = {
			isa = PBXTargetDependency;
			target = 72F3500B2748DDF50094D3FB /* Kiliaro */;
			targetProxy = 72F3502E2748DDF70094D3FB /* PBXContainerItemProxy */;
		};
/* End PBXTargetDependency section */

/* Begin PBXVariantGroup section */
		72F350152748DDF50094D3FB /* Main.storyboard */ = {
			isa = PBXVariantGroup;
			children = (
				72F350162748DDF50094D3FB /* Base */,
			);
			name = Main.storyboard;
			sourceTree = "<group>";
		};
		72F3501A2748DDF70094D3FB /* LaunchScreen.storyboard */ = {
			isa = PBXVariantGroup;
			children = (
				72F3501B2748DDF70094D3FB /* Base */,
			);
			name = LaunchScreen.storyboard;
			sourceTree = "<group>";
		};
/* End PBXVariantGroup section */

/* Begin XCBuildConfiguration section */
		72F350342748DDF70094D3FB /* Debug */ = {
			isa = XCBuildConfiguration;
			buildSettings = {
				ALWAYS_SEARCH_USER_PATHS = NO;
				CLANG_ANALYZER_NONNULL = YES;
				CLANG_ANALYZER_NUMBER_OBJECT_CONVERSION = YES_AGGRESSIVE;
				CLANG_CXX_LANGUAGE_STANDARD = "gnu++14";
				CLANG_CXX_LIBRARY = "libc++";
				CLANG_ENABLE_MODULES = YES;
				CLANG_ENABLE_OBJC_ARC = YES;
				CLANG_ENABLE_OBJC_WEAK = YES;
				CLANG_WARN_BLOCK_CAPTURE_AUTORELEASING = YES;
				CLANG_WARN_BOOL_CONVERSION = YES;
				CLANG_WARN_COMMA = YES;
				CLANG_WARN_CONSTANT_CONVERSION = YES;
				CLANG_WARN_DEPRECATED_OBJC_IMPLEMENTATIONS = YES;
				CLANG_WARN_DIRECT_OBJC_ISA_USAGE = YES_ERROR;
				CLANG_WARN_DOCUMENTATION_COMMENTS = YES;
				CLANG_WARN_EMPTY_BODY = YES;
				CLANG_WARN_ENUM_CONVERSION = YES;
				CLANG_WARN_INFINITE_RECURSION = YES;
				CLANG_WARN_INT_CONVERSION = YES;
				CLANG_WARN_NON_LITERAL_NULL_CONVERSION = YES;
				CLANG_WARN_OBJC_IMPLICIT_RETAIN_SELF = YES;
				CLANG_WARN_OBJC_LITERAL_CONVERSION = YES;
				CLANG_WARN_OBJC_ROOT_CLASS = YES_ERROR;
				CLANG_WARN_QUOTED_INCLUDE_IN_FRAMEWORK_HEADER = YES;
				CLANG_WARN_RANGE_LOOP_ANALYSIS = YES;
				CLANG_WARN_STRICT_PROTOTYPES = YES;
				CLANG_WARN_SUSPICIOUS_MOVE = YES;
				CLANG_WARN_UNGUARDED_AVAILABILITY = YES_AGGRESSIVE;
				CLANG_WARN_UNREACHABLE_CODE = YES;
				CLANG_WARN__DUPLICATE_METHOD_MATCH = YES;
				COPY_PHASE_STRIP = NO;
				DEBUG_INFORMATION_FORMAT = dwarf;
				ENABLE_STRICT_OBJC_MSGSEND = YES;
				ENABLE_TESTABILITY = YES;
				GCC_C_LANGUAGE_STANDARD = gnu11;
				GCC_DYNAMIC_NO_PIC = NO;
				GCC_NO_COMMON_BLOCKS = YES;
				GCC_OPTIMIZATION_LEVEL = 0;
				GCC_PREPROCESSOR_DEFINITIONS = (
					"DEBUG=1",
					"$(inherited)",
				);
				GCC_WARN_64_TO_32_BIT_CONVERSION = YES;
				GCC_WARN_ABOUT_RETURN_TYPE = YES_ERROR;
				GCC_WARN_UNDECLARED_SELECTOR = YES;
				GCC_WARN_UNINITIALIZED_AUTOS = YES_AGGRESSIVE;
				GCC_WARN_UNUSED_FUNCTION = YES;
				GCC_WARN_UNUSED_VARIABLE = YES;
				IPHONEOS_DEPLOYMENT_TARGET = 14.3;
				MTL_ENABLE_DEBUG_INFO = INCLUDE_SOURCE;
				MTL_FAST_MATH = YES;
				ONLY_ACTIVE_ARCH = YES;
				SDKROOT = iphoneos;
				SWIFT_ACTIVE_COMPILATION_CONDITIONS = DEBUG;
				SWIFT_OPTIMIZATION_LEVEL = "-Onone";
			};
			name = Debug;
		};
		72F350352748DDF70094D3FB /* Release */ = {
			isa = XCBuildConfiguration;
			buildSettings = {
				ALWAYS_SEARCH_USER_PATHS = NO;
				CLANG_ANALYZER_NONNULL = YES;
				CLANG_ANALYZER_NUMBER_OBJECT_CONVERSION = YES_AGGRESSIVE;
				CLANG_CXX_LANGUAGE_STANDARD = "gnu++14";
				CLANG_CXX_LIBRARY = "libc++";
				CLANG_ENABLE_MODULES = YES;
				CLANG_ENABLE_OBJC_ARC = YES;
				CLANG_ENABLE_OBJC_WEAK = YES;
				CLANG_WARN_BLOCK_CAPTURE_AUTORELEASING = YES;
				CLANG_WARN_BOOL_CONVERSION = YES;
				CLANG_WARN_COMMA = YES;
				CLANG_WARN_CONSTANT_CONVERSION = YES;
				CLANG_WARN_DEPRECATED_OBJC_IMPLEMENTATIONS = YES;
				CLANG_WARN_DIRECT_OBJC_ISA_USAGE = YES_ERROR;
				CLANG_WARN_DOCUMENTATION_COMMENTS = YES;
				CLANG_WARN_EMPTY_BODY = YES;
				CLANG_WARN_ENUM_CONVERSION = YES;
				CLANG_WARN_INFINITE_RECURSION = YES;
				CLANG_WARN_INT_CONVERSION = YES;
				CLANG_WARN_NON_LITERAL_NULL_CONVERSION = YES;
				CLANG_WARN_OBJC_IMPLICIT_RETAIN_SELF = YES;
				CLANG_WARN_OBJC_LITERAL_CONVERSION = YES;
				CLANG_WARN_OBJC_ROOT_CLASS = YES_ERROR;
				CLANG_WARN_QUOTED_INCLUDE_IN_FRAMEWORK_HEADER = YES;
				CLANG_WARN_RANGE_LOOP_ANALYSIS = YES;
				CLANG_WARN_STRICT_PROTOTYPES = YES;
				CLANG_WARN_SUSPICIOUS_MOVE = YES;
				CLANG_WARN_UNGUARDED_AVAILABILITY = YES_AGGRESSIVE;
				CLANG_WARN_UNREACHABLE_CODE = YES;
				CLANG_WARN__DUPLICATE_METHOD_MATCH = YES;
				COPY_PHASE_STRIP = NO;
				DEBUG_INFORMATION_FORMAT = "dwarf-with-dsym";
				ENABLE_NS_ASSERTIONS = NO;
				ENABLE_STRICT_OBJC_MSGSEND = YES;
				GCC_C_LANGUAGE_STANDARD = gnu11;
				GCC_NO_COMMON_BLOCKS = YES;
				GCC_WARN_64_TO_32_BIT_CONVERSION = YES;
				GCC_WARN_ABOUT_RETURN_TYPE = YES_ERROR;
				GCC_WARN_UNDECLARED_SELECTOR = YES;
				GCC_WARN_UNINITIALIZED_AUTOS = YES_AGGRESSIVE;
				GCC_WARN_UNUSED_FUNCTION = YES;
				GCC_WARN_UNUSED_VARIABLE = YES;
				IPHONEOS_DEPLOYMENT_TARGET = 14.3;
				MTL_ENABLE_DEBUG_INFO = NO;
				MTL_FAST_MATH = YES;
				SDKROOT = iphoneos;
				SWIFT_COMPILATION_MODE = wholemodule;
				SWIFT_OPTIMIZATION_LEVEL = "-O";
				VALIDATE_PRODUCT = YES;
			};
			name = Release;
		};
		72F350372748DDF70094D3FB /* Debug */ = {
			isa = XCBuildConfiguration;
			buildSettings = {
				ASSETCATALOG_COMPILER_APPICON_NAME = AppIcon;
				ASSETCATALOG_COMPILER_GLOBAL_ACCENT_COLOR_NAME = AccentColor;
				CODE_SIGN_STYLE = Automatic;
				INFOPLIST_FILE = Kiliaro/Info.plist;
				LD_RUNPATH_SEARCH_PATHS = (
					"$(inherited)",
					"@executable_path/Frameworks",
				);
				PRODUCT_BUNDLE_IDENTIFIER = com.morteza.Kiliaro;
				PRODUCT_NAME = "$(TARGET_NAME)";
				SWIFT_VERSION = 5.0;
				TARGETED_DEVICE_FAMILY = "1,2";
			};
			name = Debug;
		};
		72F350382748DDF70094D3FB /* Release */ = {
			isa = XCBuildConfiguration;
			buildSettings = {
				ASSETCATALOG_COMPILER_APPICON_NAME = AppIcon;
				ASSETCATALOG_COMPILER_GLOBAL_ACCENT_COLOR_NAME = AccentColor;
				CODE_SIGN_STYLE = Automatic;
				INFOPLIST_FILE = Kiliaro/Info.plist;
				LD_RUNPATH_SEARCH_PATHS = (
					"$(inherited)",
					"@executable_path/Frameworks",
				);
				PRODUCT_BUNDLE_IDENTIFIER = com.morteza.Kiliaro;
				PRODUCT_NAME = "$(TARGET_NAME)";
				SWIFT_VERSION = 5.0;
				TARGETED_DEVICE_FAMILY = "1,2";
			};
			name = Release;
		};
		72F3503A2748DDF70094D3FB /* Debug */ = {
			isa = XCBuildConfiguration;
			buildSettings = {
				ALWAYS_EMBED_SWIFT_STANDARD_LIBRARIES = YES;
				BUNDLE_LOADER = "$(TEST_HOST)";
				CODE_SIGN_STYLE = Automatic;
				INFOPLIST_FILE = KiliaroTests/Info.plist;
				IPHONEOS_DEPLOYMENT_TARGET = 14.3;
				LD_RUNPATH_SEARCH_PATHS = (
					"$(inherited)",
					"@executable_path/Frameworks",
					"@loader_path/Frameworks",
				);
				PRODUCT_BUNDLE_IDENTIFIER = com.morteza.KiliaroTests;
				PRODUCT_NAME = "$(TARGET_NAME)";
				SWIFT_VERSION = 5.0;
				TARGETED_DEVICE_FAMILY = "1,2";
				TEST_HOST = "$(BUILT_PRODUCTS_DIR)/Kiliaro.app/Kiliaro";
			};
			name = Debug;
		};
		72F3503B2748DDF70094D3FB /* Release */ = {
			isa = XCBuildConfiguration;
			buildSettings = {
				ALWAYS_EMBED_SWIFT_STANDARD_LIBRARIES = YES;
				BUNDLE_LOADER = "$(TEST_HOST)";
				CODE_SIGN_STYLE = Automatic;
				INFOPLIST_FILE = KiliaroTests/Info.plist;
				IPHONEOS_DEPLOYMENT_TARGET = 14.3;
				LD_RUNPATH_SEARCH_PATHS = (
					"$(inherited)",
					"@executable_path/Frameworks",
					"@loader_path/Frameworks",
				);
				PRODUCT_BUNDLE_IDENTIFIER = com.morteza.KiliaroTests;
				PRODUCT_NAME = "$(TARGET_NAME)";
				SWIFT_VERSION = 5.0;
				TARGETED_DEVICE_FAMILY = "1,2";
				TEST_HOST = "$(BUILT_PRODUCTS_DIR)/Kiliaro.app/Kiliaro";
			};
			name = Release;
		};
		72F3503D2748DDF70094D3FB /* Debug */ = {
			isa = XCBuildConfiguration;
			buildSettings = {
				ALWAYS_EMBED_SWIFT_STANDARD_LIBRARIES = YES;
				CODE_SIGN_STYLE = Automatic;
				INFOPLIST_FILE = KiliaroUITests/Info.plist;
				LD_RUNPATH_SEARCH_PATHS = (
					"$(inherited)",
					"@executable_path/Frameworks",
					"@loader_path/Frameworks",
				);
				PRODUCT_BUNDLE_IDENTIFIER = com.morteza.KiliaroUITests;
				PRODUCT_NAME = "$(TARGET_NAME)";
				SWIFT_VERSION = 5.0;
				TARGETED_DEVICE_FAMILY = "1,2";
				TEST_TARGET_NAME = Kiliaro;
			};
			name = Debug;
		};
		72F3503E2748DDF70094D3FB /* Release */ = {
			isa = XCBuildConfiguration;
			buildSettings = {
				ALWAYS_EMBED_SWIFT_STANDARD_LIBRARIES = YES;
				CODE_SIGN_STYLE = Automatic;
				INFOPLIST_FILE = KiliaroUITests/Info.plist;
				LD_RUNPATH_SEARCH_PATHS = (
					"$(inherited)",
					"@executable_path/Frameworks",
					"@loader_path/Frameworks",
				);
				PRODUCT_BUNDLE_IDENTIFIER = com.morteza.KiliaroUITests;
				PRODUCT_NAME = "$(TARGET_NAME)";
				SWIFT_VERSION = 5.0;
				TARGETED_DEVICE_FAMILY = "1,2";
				TEST_TARGET_NAME = Kiliaro;
			};
			name = Release;
		};
/* End XCBuildConfiguration section */

/* Begin XCConfigurationList section */
		72F350072748DDF50094D3FB /* Build configuration list for PBXProject "Kiliaro" */ = {
			isa = XCConfigurationList;
			buildConfigurations = (
				72F350342748DDF70094D3FB /* Debug */,
				72F350352748DDF70094D3FB /* Release */,
			);
			defaultConfigurationIsVisible = 0;
			defaultConfigurationName = Release;
		};
		72F350362748DDF70094D3FB /* Build configuration list for PBXNativeTarget "Kiliaro" */ = {
			isa = XCConfigurationList;
			buildConfigurations = (
				72F350372748DDF70094D3FB /* Debug */,
				72F350382748DDF70094D3FB /* Release */,
			);
			defaultConfigurationIsVisible = 0;
			defaultConfigurationName = Release;
		};
		72F350392748DDF70094D3FB /* Build configuration list for PBXNativeTarget "KiliaroTests" */ = {
			isa = XCConfigurationList;
			buildConfigurations = (
				72F3503A2748DDF70094D3FB /* Debug */,
				72F3503B2748DDF70094D3FB /* Release */,
			);
			defaultConfigurationIsVisible = 0;
			defaultConfigurationName = Release;
		};
		72F3503C2748DDF70094D3FB /* Build configuration list for PBXNativeTarget "KiliaroUITests" */ = {
			isa = XCConfigurationList;
			buildConfigurations = (
				72F3503D2748DDF70094D3FB /* Debug */,
				72F3503E2748DDF70094D3FB /* Release */,
			);
			defaultConfigurationIsVisible = 0;
			defaultConfigurationName = Release;
		};
/* End XCConfigurationList section */
	};
	rootObject = 72F350042748DDF40094D3FB /* Project object */;
}
